
Microsoft Visual Studio Solution File, Format Version 12.00
# Visual Studio Version 16
VisualStudioVersion = 16.0.31424.327
MinimumVisualStudioVersion = 10.0.40219.1
Project("{FAE04EC0-301F-11D3-BF4B-00C04F79EFBC}") = "appSoketCliente", "appSoketCliente\appSoketCliente.csproj", "{80FCF812-123B-4786-B199-0BA5C763E9C7}"
EndProject
Global
	GlobalSection(SolutionConfigurationPlatforms) = preSolution
		Debug|Any CPU = Debug|Any CPU
		Release|Any CPU = Release|Any CPU
	EndGlobalSection
	GlobalSection(ProjectConfigurationPlatforms) = postSolution
		{80FCF812-123B-4786-B199-0BA5C763E9C7}.Debug|Any CPU.ActiveCfg = Debug|Any CPU
		{80FCF812-123B-4786-B199-0BA5C763E9C7}.Debug|Any CPU.Build.0 = Debug|Any CPU
		{80FCF812-123B-4786-B199-0BA5C763E9C7}.Release|Any CPU.ActiveCfg = Release|Any CPU
		{80FCF812-123B-4786-B199-0BA5C763E9C7}.Release|Any CPU.Build.0 = Release|Any CPU
	EndGlobalSection
	GlobalSection(SolutionProperties) = preSolution
		HideSolutionNode = FALSE
	EndGlobalSection
	GlobalSection(ExtensibilityGlobals) = postSolution
		SolutionGuid = {766D1044-855C-4D84-8FBB-B8C6BE2A8D0A}
	EndGlobalSection
EndGlobal
